// !$*UTF8*$!
{
	archiveVersion = 1;
	classes = {
	};
	objectVersion = 46;
	objects = {

/* Begin PBXBuildFile section */
		8B6AB7BC1886E65300F51C62 /* Main.storyboard in Resources */ = {isa = PBXBuildFile; fileRef = 8B6AB7BB1886E65300F51C62 /* Main.storyboard */; };
		8B7F26FE18884A28009FA88C /* LINGDiscoverCell.m in Sources */ = {isa = PBXBuildFile; fileRef = 8B7F26FD18884A28009FA88C /* LINGDiscoverCell.m */; };
		8BA449BC1880710800D775C1 /* Foundation.framework in Frameworks */ = {isa = PBXBuildFile; fileRef = 8BA449BB1880710800D775C1 /* Foundation.framework */; };
		8BA449BE1880710800D775C1 /* CoreGraphics.framework in Frameworks */ = {isa = PBXBuildFile; fileRef = 8BA449BD1880710800D775C1 /* CoreGraphics.framework */; };
		8BA449C01880710800D775C1 /* UIKit.framework in Frameworks */ = {isa = PBXBuildFile; fileRef = 8BA449BF1880710800D775C1 /* UIKit.framework */; };
		8BA449C21880710800D775C1 /* CoreData.framework in Frameworks */ = {isa = PBXBuildFile; fileRef = 8BA449C11880710800D775C1 /* CoreData.framework */; };
		8BA449C81880710800D775C1 /* InfoPlist.strings in Resources */ = {isa = PBXBuildFile; fileRef = 8BA449C61880710800D775C1 /* InfoPlist.strings */; };
		8BA449CA1880710800D775C1 /* main.m in Sources */ = {isa = PBXBuildFile; fileRef = 8BA449C91880710800D775C1 /* main.m */; };
		8BA449CE1880710800D775C1 /* LINGAppDelegate.m in Sources */ = {isa = PBXBuildFile; fileRef = 8BA449CD1880710800D775C1 /* LINGAppDelegate.m */; };
		8BA449D11880710800D775C1 /* iphone.xcdatamodeld in Sources */ = {isa = PBXBuildFile; fileRef = 8BA449CF1880710800D775C1 /* iphone.xcdatamodeld */; };
		8BA449D31880710800D775C1 /* Images.xcassets in Resources */ = {isa = PBXBuildFile; fileRef = 8BA449D21880710800D775C1 /* Images.xcassets */; };
		8BA449DA1880710800D775C1 /* XCTest.framework in Frameworks */ = {isa = PBXBuildFile; fileRef = 8BA449D91880710800D775C1 /* XCTest.framework */; };
		8BA449DB1880710800D775C1 /* Foundation.framework in Frameworks */ = {isa = PBXBuildFile; fileRef = 8BA449BB1880710800D775C1 /* Foundation.framework */; };
		8BA449DC1880710800D775C1 /* UIKit.framework in Frameworks */ = {isa = PBXBuildFile; fileRef = 8BA449BF1880710800D775C1 /* UIKit.framework */; };
		8BA449DD1880710800D775C1 /* CoreData.framework in Frameworks */ = {isa = PBXBuildFile; fileRef = 8BA449C11880710800D775C1 /* CoreData.framework */; };
		8BB796A81880F04300BE0764 /* LINGBaseViewController.m in Sources */ = {isa = PBXBuildFile; fileRef = 8BB796A71880F04300BE0764 /* LINGBaseViewController.m */; };
		8BB796AE188102CD00BE0764 /* LINGLoginViewController.m in Sources */ = {isa = PBXBuildFile; fileRef = 8BB796AD188102CD00BE0764 /* LINGLoginViewController.m */; };
		8BB796B11881144400BE0764 /* LINGRegisterViewController.m in Sources */ = {isa = PBXBuildFile; fileRef = 8BB796B01881144400BE0764 /* LINGRegisterViewController.m */; };
		8BEF90E318818B3000676D3D /* Localizable.strings in Resources */ = {isa = PBXBuildFile; fileRef = 8BEF90E118818B3000676D3D /* Localizable.strings */; };
		8BEF90EB18822C7F00676D3D /* LINGDiscoverViewController.m in Sources */ = {isa = PBXBuildFile; fileRef = 8BEF90EA18822C7F00676D3D /* LINGDiscoverViewController.m */; };
		8BEF90EF18822CCA00676D3D /* LINGMessageViewController.m in Sources */ = {isa = PBXBuildFile; fileRef = 8BEF90EE18822CCA00676D3D /* LINGMessageViewController.m */; };
		8BEF90F318822CF600676D3D /* LINGNearbyViewController.m in Sources */ = {isa = PBXBuildFile; fileRef = 8BEF90F218822CF600676D3D /* LINGNearbyViewController.m */; };
		8BEF90F718822D1500676D3D /* LINGProfileViewController.m in Sources */ = {isa = PBXBuildFile; fileRef = 8BEF90F618822D1500676D3D /* LINGProfileViewController.m */; };
		8BEF90FB18822D2C00676D3D /* LINGMoreViewController.m in Sources */ = {isa = PBXBuildFile; fileRef = 8BEF90FA18822D2C00676D3D /* LINGMoreViewController.m */; };
		8BEF90FF188231FF00676D3D /* LINGAPIClient.m in Sources */ = {isa = PBXBuildFile; fileRef = 8BEF90FE188231FF00676D3D /* LINGAPIClient.m */; };
		8BEF91101882751000676D3D /* LINGLoginManager.m in Sources */ = {isa = PBXBuildFile; fileRef = 8BEF910F1882751000676D3D /* LINGLoginManager.m */; };
		8BEF911718827DB300676D3D /* LINGRespondeModel.m in Sources */ = {isa = PBXBuildFile; fileRef = 8BEF911618827DB300676D3D /* LINGRespondeModel.m */; };
		F0327D192F8043C68BF70ADD /* libPods-iphone.a in Frameworks */ = {isa = PBXBuildFile; fileRef = 0D8B35E6AFB24F639C360590 /* libPods-iphone.a */; };
/* End PBXBuildFile section */

/* Begin PBXContainerItemProxy section */
		8BA449DE1880710800D775C1 /* PBXContainerItemProxy */ = {
			isa = PBXContainerItemProxy;
			containerPortal = 8BA449B01880710800D775C1 /* Project object */;
			proxyType = 1;
			remoteGlobalIDString = 8BA449B71880710800D775C1;
			remoteInfo = iphone;
		};
/* End PBXContainerItemProxy section */

/* Begin PBXFileReference section */
		0D8B35E6AFB24F639C360590 /* libPods-iphone.a */ = {isa = PBXFileReference; explicitFileType = archive.ar; includeInIndex = 0; path = "libPods-iphone.a"; sourceTree = BUILT_PRODUCTS_DIR; };
		8B6AB7BB1886E65300F51C62 /* Main.storyboard */ = {isa = PBXFileReference; fileEncoding = 4; lastKnownFileType = file.storyboard; path = Main.storyboard; sourceTree = "<group>"; };
		8B7F26FC18884A28009FA88C /* LINGDiscoverCell.h */ = {isa = PBXFileReference; fileEncoding = 4; lastKnownFileType = sourcecode.c.h; path = LINGDiscoverCell.h; sourceTree = "<group>"; };
		8B7F26FD18884A28009FA88C /* LINGDiscoverCell.m */ = {isa = PBXFileReference; fileEncoding = 4; lastKnownFileType = sourcecode.c.objc; path = LINGDiscoverCell.m; sourceTree = "<group>"; };
		8B9841A1188143C700EF6367 /* macro.h */ = {isa = PBXFileReference; lastKnownFileType = sourcecode.c.h; path = macro.h; sourceTree = "<group>"; };
		8BA449B81880710800D775C1 /* iphone.app */ = {isa = PBXFileReference; explicitFileType = wrapper.application; includeInIndex = 0; path = iphone.app; sourceTree = BUILT_PRODUCTS_DIR; };
		8BA449BB1880710800D775C1 /* Foundation.framework */ = {isa = PBXFileReference; lastKnownFileType = wrapper.framework; name = Foundation.framework; path = System/Library/Frameworks/Foundation.framework; sourceTree = SDKROOT; };
		8BA449BD1880710800D775C1 /* CoreGraphics.framework */ = {isa = PBXFileReference; lastKnownFileType = wrapper.framework; name = CoreGraphics.framework; path = System/Library/Frameworks/CoreGraphics.framework; sourceTree = SDKROOT; };
		8BA449BF1880710800D775C1 /* UIKit.framework */ = {isa = PBXFileReference; lastKnownFileType = wrapper.framework; name = UIKit.framework; path = System/Library/Frameworks/UIKit.framework; sourceTree = SDKROOT; };
		8BA449C11880710800D775C1 /* CoreData.framework */ = {isa = PBXFileReference; lastKnownFileType = wrapper.framework; name = CoreData.framework; path = System/Library/Frameworks/CoreData.framework; sourceTree = SDKROOT; };
		8BA449C51880710800D775C1 /* iphone-Info.plist */ = {isa = PBXFileReference; lastKnownFileType = text.plist.xml; path = "iphone-Info.plist"; sourceTree = "<group>"; };
		8BA449C71880710800D775C1 /* en */ = {isa = PBXFileReference; lastKnownFileType = text.plist.strings; name = en; path = en.lproj/InfoPlist.strings; sourceTree = "<group>"; };
		8BA449C91880710800D775C1 /* main.m */ = {isa = PBXFileReference; lastKnownFileType = sourcecode.c.objc; path = main.m; sourceTree = "<group>"; };
		8BA449CB1880710800D775C1 /* iphone-Prefix.pch */ = {isa = PBXFileReference; lastKnownFileType = sourcecode.c.h; path = "iphone-Prefix.pch"; sourceTree = "<group>"; };
		8BA449CC1880710800D775C1 /* LINGAppDelegate.h */ = {isa = PBXFileReference; lastKnownFileType = sourcecode.c.h; path = LINGAppDelegate.h; sourceTree = "<group>"; };
		8BA449CD1880710800D775C1 /* LINGAppDelegate.m */ = {isa = PBXFileReference; lastKnownFileType = sourcecode.c.objc; path = LINGAppDelegate.m; sourceTree = "<group>"; };
		8BA449D01880710800D775C1 /* iphone.xcdatamodel */ = {isa = PBXFileReference; lastKnownFileType = wrapper.xcdatamodel; path = iphone.xcdatamodel; sourceTree = "<group>"; };
		8BA449D21880710800D775C1 /* Images.xcassets */ = {isa = PBXFileReference; lastKnownFileType = folder.assetcatalog; path = Images.xcassets; sourceTree = "<group>"; };
		8BA449D81880710800D775C1 /* iphoneTests.xctest */ = {isa = PBXFileReference; explicitFileType = wrapper.cfbundle; includeInIndex = 0; path = iphoneTests.xctest; sourceTree = BUILT_PRODUCTS_DIR; };
		8BA449D91880710800D775C1 /* XCTest.framework */ = {isa = PBXFileReference; lastKnownFileType = wrapper.framework; name = XCTest.framework; path = Library/Frameworks/XCTest.framework; sourceTree = DEVELOPER_DIR; };
		8BB796A61880F04300BE0764 /* LINGBaseViewController.h */ = {isa = PBXFileReference; fileEncoding = 4; lastKnownFileType = sourcecode.c.h; path = LINGBaseViewController.h; sourceTree = "<group>"; };
		8BB796A71880F04300BE0764 /* LINGBaseViewController.m */ = {isa = PBXFileReference; fileEncoding = 4; lastKnownFileType = sourcecode.c.objc; path = LINGBaseViewController.m; sourceTree = "<group>"; };
		8BB796A91880F6CF00BE0764 /* config.h */ = {isa = PBXFileReference; lastKnownFileType = sourcecode.c.h; path = config.h; sourceTree = "<group>"; };
		8BB796AC188102CD00BE0764 /* LINGLoginViewController.h */ = {isa = PBXFileReference; fileEncoding = 4; lastKnownFileType = sourcecode.c.h; path = LINGLoginViewController.h; sourceTree = "<group>"; };
		8BB796AD188102CD00BE0764 /* LINGLoginViewController.m */ = {isa = PBXFileReference; fileEncoding = 4; lastKnownFileType = sourcecode.c.objc; path = LINGLoginViewController.m; sourceTree = "<group>"; };
		8BB796AF1881144300BE0764 /* LINGRegisterViewController.h */ = {isa = PBXFileReference; fileEncoding = 4; lastKnownFileType = sourcecode.c.h; path = LINGRegisterViewController.h; sourceTree = "<group>"; };
		8BB796B01881144400BE0764 /* LINGRegisterViewController.m */ = {isa = PBXFileReference; fileEncoding = 4; lastKnownFileType = sourcecode.c.objc; path = LINGRegisterViewController.m; sourceTree = "<group>"; };
		8BEF90E218818B3000676D3D /* en */ = {isa = PBXFileReference; lastKnownFileType = text.plist.strings; name = en; path = en.lproj/Localizable.strings; sourceTree = "<group>"; };
		8BEF90E418818B6D00676D3D /* zh-Hans */ = {isa = PBXFileReference; lastKnownFileType = text.plist.strings; name = "zh-Hans"; path = "zh-Hans.lproj/Localizable.strings"; sourceTree = "<group>"; };
		8BEF90E518818B6D00676D3D /* zh-Hans */ = {isa = PBXFileReference; lastKnownFileType = text.plist.strings; name = "zh-Hans"; path = "zh-Hans.lproj/InfoPlist.strings"; sourceTree = "<group>"; };
		8BEF90E618818B7200676D3D /* zh-Hant */ = {isa = PBXFileReference; lastKnownFileType = text.plist.strings; name = "zh-Hant"; path = "zh-Hant.lproj/Localizable.strings"; sourceTree = "<group>"; };
		8BEF90E718818B7200676D3D /* zh-Hant */ = {isa = PBXFileReference; lastKnownFileType = text.plist.strings; name = "zh-Hant"; path = "zh-Hant.lproj/InfoPlist.strings"; sourceTree = "<group>"; };
		8BEF90E918822C7F00676D3D /* LINGDiscoverViewController.h */ = {isa = PBXFileReference; fileEncoding = 4; lastKnownFileType = sourcecode.c.h; path = LINGDiscoverViewController.h; sourceTree = "<group>"; };
		8BEF90EA18822C7F00676D3D /* LINGDiscoverViewController.m */ = {isa = PBXFileReference; fileEncoding = 4; lastKnownFileType = sourcecode.c.objc; path = LINGDiscoverViewController.m; sourceTree = "<group>"; };
		8BEF90ED18822CCA00676D3D /* LINGMessageViewController.h */ = {isa = PBXFileReference; fileEncoding = 4; lastKnownFileType = sourcecode.c.h; path = LINGMessageViewController.h; sourceTree = "<group>"; };
		8BEF90EE18822CCA00676D3D /* LINGMessageViewController.m */ = {isa = PBXFileReference; fileEncoding = 4; lastKnownFileType = sourcecode.c.objc; path = LINGMessageViewController.m; sourceTree = "<group>"; };
		8BEF90F118822CF600676D3D /* LINGNearbyViewController.h */ = {isa = PBXFileReference; fileEncoding = 4; lastKnownFileType = sourcecode.c.h; path = LINGNearbyViewController.h; sourceTree = "<group>"; };
		8BEF90F218822CF600676D3D /* LINGNearbyViewController.m */ = {isa = PBXFileReference; fileEncoding = 4; lastKnownFileType = sourcecode.c.objc; path = LINGNearbyViewController.m; sourceTree = "<group>"; };
		8BEF90F518822D1500676D3D /* LINGProfileViewController.h */ = {isa = PBXFileReference; fileEncoding = 4; lastKnownFileType = sourcecode.c.h; path = LINGProfileViewController.h; sourceTree = "<group>"; };
		8BEF90F618822D1500676D3D /* LINGProfileViewController.m */ = {isa = PBXFileReference; fileEncoding = 4; lastKnownFileType = sourcecode.c.objc; path = LINGProfileViewController.m; sourceTree = "<group>"; };
		8BEF90F918822D2C00676D3D /* LINGMoreViewController.h */ = {isa = PBXFileReference; fileEncoding = 4; lastKnownFileType = sourcecode.c.h; path = LINGMoreViewController.h; sourceTree = "<group>"; };
		8BEF90FA18822D2C00676D3D /* LINGMoreViewController.m */ = {isa = PBXFileReference; fileEncoding = 4; lastKnownFileType = sourcecode.c.objc; path = LINGMoreViewController.m; sourceTree = "<group>"; };
		8BEF90FD188231FF00676D3D /* LINGAPIClient.h */ = {isa = PBXFileReference; fileEncoding = 4; lastKnownFileType = sourcecode.c.h; path = LINGAPIClient.h; sourceTree = "<group>"; };
		8BEF90FE188231FF00676D3D /* LINGAPIClient.m */ = {isa = PBXFileReference; fileEncoding = 4; lastKnownFileType = sourcecode.c.objc; path = LINGAPIClient.m; sourceTree = "<group>"; };
		8BEF910E1882751000676D3D /* LINGLoginManager.h */ = {isa = PBXFileReference; fileEncoding = 4; lastKnownFileType = sourcecode.c.h; path = LINGLoginManager.h; sourceTree = "<group>"; };
		8BEF910F1882751000676D3D /* LINGLoginManager.m */ = {isa = PBXFileReference; fileEncoding = 4; lastKnownFileType = sourcecode.c.objc; path = LINGLoginManager.m; sourceTree = "<group>"; };
		8BEF911518827DB300676D3D /* LINGRespondeModel.h */ = {isa = PBXFileReference; fileEncoding = 4; lastKnownFileType = sourcecode.c.h; path = LINGRespondeModel.h; sourceTree = "<group>"; };
		8BEF911618827DB300676D3D /* LINGRespondeModel.m */ = {isa = PBXFileReference; fileEncoding = 4; lastKnownFileType = sourcecode.c.objc; path = LINGRespondeModel.m; sourceTree = "<group>"; };
		E8AC5487437E43BDA7E8B574 /* Pods-iphone.xcconfig */ = {isa = PBXFileReference; includeInIndex = 1; lastKnownFileType = text.xcconfig; name = "Pods-iphone.xcconfig"; path = "Pods/Pods-iphone.xcconfig"; sourceTree = "<group>"; };
/* End PBXFileReference section */

/* Begin PBXFrameworksBuildPhase section */
		8BA449B51880710800D775C1 /* Frameworks */ = {
			isa = PBXFrameworksBuildPhase;
			buildActionMask = 2147483647;
			files = (
				8BA449BE1880710800D775C1 /* CoreGraphics.framework in Frameworks */,
				8BA449C21880710800D775C1 /* CoreData.framework in Frameworks */,
				8BA449C01880710800D775C1 /* UIKit.framework in Frameworks */,
				8BA449BC1880710800D775C1 /* Foundation.framework in Frameworks */,
				F0327D192F8043C68BF70ADD /* libPods-iphone.a in Frameworks */,
			);
			runOnlyForDeploymentPostprocessing = 0;
		};
		8BA449D51880710800D775C1 /* Frameworks */ = {
			isa = PBXFrameworksBuildPhase;
			buildActionMask = 2147483647;
			files = (
				8BA449DA1880710800D775C1 /* XCTest.framework in Frameworks */,
				8BA449DD1880710800D775C1 /* CoreData.framework in Frameworks */,
				8BA449DC1880710800D775C1 /* UIKit.framework in Frameworks */,
				8BA449DB1880710800D775C1 /* Foundation.framework in Frameworks */,
			);
			runOnlyForDeploymentPostprocessing = 0;
		};
/* End PBXFrameworksBuildPhase section */

/* Begin PBXGroup section */
		8BA449AF1880710800D775C1 = {
			isa = PBXGroup;
			children = (
				8BA449C31880710800D775C1 /* iphone */,
				8BA449BA1880710800D775C1 /* Frameworks */,
				8BA449B91880710800D775C1 /* Products */,
				E8AC5487437E43BDA7E8B574 /* Pods-iphone.xcconfig */,
			);
			sourceTree = "<group>";
		};
		8BA449B91880710800D775C1 /* Products */ = {
			isa = PBXGroup;
			children = (
				8BA449B81880710800D775C1 /* iphone.app */,
				8BA449D81880710800D775C1 /* iphoneTests.xctest */,
			);
			name = Products;
			sourceTree = "<group>";
		};
		8BA449BA1880710800D775C1 /* Frameworks */ = {
			isa = PBXGroup;
			children = (
				8BA449BB1880710800D775C1 /* Foundation.framework */,
				8BA449BD1880710800D775C1 /* CoreGraphics.framework */,
				8BA449BF1880710800D775C1 /* UIKit.framework */,
				8BA449C11880710800D775C1 /* CoreData.framework */,
				8BA449D91880710800D775C1 /* XCTest.framework */,
				0D8B35E6AFB24F639C360590 /* libPods-iphone.a */,
			);
			name = Frameworks;
			sourceTree = "<group>";
		};
		8BA449C31880710800D775C1 /* iphone */ = {
			isa = PBXGroup;
			children = (
				8BB796A21880EF7D00BE0764 /* Classes */,
				8BA449CC1880710800D775C1 /* LINGAppDelegate.h */,
				8BA449CD1880710800D775C1 /* LINGAppDelegate.m */,
				8BA449D21880710800D775C1 /* Images.xcassets */,
				8BA449CF1880710800D775C1 /* iphone.xcdatamodeld */,
				8BA449C41880710800D775C1 /* Supporting Files */,
				8BB796A91880F6CF00BE0764 /* config.h */,
				8B9841A1188143C700EF6367 /* macro.h */,
				8B6AB7BB1886E65300F51C62 /* Main.storyboard */,
			);
			path = iphone;
			sourceTree = "<group>";
		};
		8BA449C41880710800D775C1 /* Supporting Files */ = {
			isa = PBXGroup;
			children = (
				8BEF90E118818B3000676D3D /* Localizable.strings */,
				8BA449C51880710800D775C1 /* iphone-Info.plist */,
				8BA449C61880710800D775C1 /* InfoPlist.strings */,
				8BA449C91880710800D775C1 /* main.m */,
				8BA449CB1880710800D775C1 /* iphone-Prefix.pch */,
			);
			name = "Supporting Files";
			sourceTree = "<group>";
		};
		8BB796A21880EF7D00BE0764 /* Classes */ = {
			isa = PBXGroup;
			children = (
				8BEF911418827D9700676D3D /* Model */,
				8BEF910A188273B500676D3D /* Common */,
				8BB796A31880EF7D00BE0764 /* Controller */,
				8BB796A41880EF7D00BE0764 /* Network */,
				8BB796A51880EF7D00BE0764 /* View */,
			);
			path = Classes;
			sourceTree = "<group>";
		};
		8BB796A31880EF7D00BE0764 /* Controller */ = {
			isa = PBXGroup;
			children = (
				8BB796A61880F04300BE0764 /* LINGBaseViewController.h */,
				8BB796A71880F04300BE0764 /* LINGBaseViewController.m */,
				8BEF90E818818D3900676D3D /* Login */,
				8BEF90EC18822C8500676D3D /* Discover */,
				8BEF90F018822CCF00676D3D /* Message */,
				8BEF90F418822CFF00676D3D /* Nearby */,
				8BEF90F818822D1900676D3D /* Profile */,
				8BEF90FC18822D2F00676D3D /* More */,
			);
			path = Controller;
			sourceTree = "<group>";
		};
		8BB796A41880EF7D00BE0764 /* Network */ = {
			isa = PBXGroup;
			children = (
				8BEF90FD188231FF00676D3D /* LINGAPIClient.h */,
				8BEF90FE188231FF00676D3D /* LINGAPIClient.m */,
			);
			path = Network;
			sourceTree = "<group>";
		};
		8BB796A51880EF7D00BE0764 /* View */ = {
			isa = PBXGroup;
			children = (
				8B7F26FC18884A28009FA88C /* LINGDiscoverCell.h */,
				8B7F26FD18884A28009FA88C /* LINGDiscoverCell.m */,
			);
			path = View;
			sourceTree = "<group>";
		};
		8BEF90E818818D3900676D3D /* Login */ = {
			isa = PBXGroup;
			children = (
				8BB796AC188102CD00BE0764 /* LINGLoginViewController.h */,
				8BB796AD188102CD00BE0764 /* LINGLoginViewController.m */,
				8BB796AF1881144300BE0764 /* LINGRegisterViewController.h */,
				8BB796B01881144400BE0764 /* LINGRegisterViewController.m */,
			);
			name = Login;
			sourceTree = "<group>";
		};
		8BEF90EC18822C8500676D3D /* Discover */ = {
			isa = PBXGroup;
			children = (
				8BEF90E918822C7F00676D3D /* LINGDiscoverViewController.h */,
				8BEF90EA18822C7F00676D3D /* LINGDiscoverViewController.m */,
			);
			name = Discover;
			sourceTree = "<group>";
		};
		8BEF90F018822CCF00676D3D /* Message */ = {
			isa = PBXGroup;
			children = (
				8BEF90ED18822CCA00676D3D /* LINGMessageViewController.h */,
				8BEF90EE18822CCA00676D3D /* LINGMessageViewController.m */,
			);
			name = Message;
			sourceTree = "<group>";
		};
		8BEF90F418822CFF00676D3D /* Nearby */ = {
			isa = PBXGroup;
			children = (
				8BEF90F118822CF600676D3D /* LINGNearbyViewController.h */,
				8BEF90F218822CF600676D3D /* LINGNearbyViewController.m */,
			);
			name = Nearby;
			sourceTree = "<group>";
		};
		8BEF90F818822D1900676D3D /* Profile */ = {
			isa = PBXGroup;
			children = (
				8BEF90F518822D1500676D3D /* LINGProfileViewController.h */,
				8BEF90F618822D1500676D3D /* LINGProfileViewController.m */,
			);
			name = Profile;
			sourceTree = "<group>";
		};
		8BEF90FC18822D2F00676D3D /* More */ = {
			isa = PBXGroup;
			children = (
				8BEF90F918822D2C00676D3D /* LINGMoreViewController.h */,
				8BEF90FA18822D2C00676D3D /* LINGMoreViewController.m */,
			);
			name = More;
			sourceTree = "<group>";
		};
		8BEF910A188273B500676D3D /* Common */ = {
			isa = PBXGroup;
			children = (
				8BEF910E1882751000676D3D /* LINGLoginManager.h */,
				8BEF910F1882751000676D3D /* LINGLoginManager.m */,
			);
			path = Common;
			sourceTree = "<group>";
		};
		8BEF911418827D9700676D3D /* Model */ = {
			isa = PBXGroup;
			children = (
				8BEF911518827DB300676D3D /* LINGRespondeModel.h */,
				8BEF911618827DB300676D3D /* LINGRespondeModel.m */,
			);
			path = Model;
			sourceTree = "<group>";
		};
/* End PBXGroup section */

/* Begin PBXNativeTarget section */
		8BA449B71880710800D775C1 /* iphone */ = {
			isa = PBXNativeTarget;
			buildConfigurationList = 8BA449EA1880710800D775C1 /* Build configuration list for PBXNativeTarget "iphone" */;
			buildPhases = (
				B2D80566D8A7407FBAE0FC8B /* Check Pods Manifest.lock */,
				8BA449B41880710800D775C1 /* Sources */,
				8BA449B51880710800D775C1 /* Frameworks */,
				8BA449B61880710800D775C1 /* Resources */,
				CE9E7C2DF0F141F9B4BB30BA /* Copy Pods Resources */,
			);
			buildRules = (
			);
			dependencies = (
			);
			name = iphone;
			productName = iphone;
			productReference = 8BA449B81880710800D775C1 /* iphone.app */;
			productType = "com.apple.product-type.application";
		};
		8BA449D71880710800D775C1 /* iphoneTests */ = {
			isa = PBXNativeTarget;
			buildConfigurationList = 8BA449ED1880710800D775C1 /* Build configuration list for PBXNativeTarget "iphoneTests" */;
			buildPhases = (
				8BA449D41880710800D775C1 /* Sources */,
				8BA449D51880710800D775C1 /* Frameworks */,
				8BA449D61880710800D775C1 /* Resources */,
			);
			buildRules = (
			);
			dependencies = (
				8BA449DF1880710800D775C1 /* PBXTargetDependency */,
			);
			name = iphoneTests;
			productName = iphoneTests;
			productReference = 8BA449D81880710800D775C1 /* iphoneTests.xctest */;
			productType = "com.apple.product-type.bundle.unit-test";
		};
/* End PBXNativeTarget section */

/* Begin PBXProject section */
		8BA449B01880710800D775C1 /* Project object */ = {
			isa = PBXProject;
			attributes = {
				CLASSPREFIX = LING;
				LastUpgradeCheck = 0500;
				ORGANIZATIONNAME = xianlvke;
				TargetAttributes = {
					8BA449D71880710800D775C1 = {
						TestTargetID = 8BA449B71880710800D775C1;
					};
				};
			};
			buildConfigurationList = 8BA449B31880710800D775C1 /* Build configuration list for PBXProject "iphone" */;
			compatibilityVersion = "Xcode 3.2";
			developmentRegion = English;
			hasScannedForEncodings = 0;
			knownRegions = (
				en,
				"zh-Hant",
				"zh-Hans",
			);
			mainGroup = 8BA449AF1880710800D775C1;
			productRefGroup = 8BA449B91880710800D775C1 /* Products */;
			projectDirPath = "";
			projectRoot = "";
			targets = (
				8BA449B71880710800D775C1 /* iphone */,
				8BA449D71880710800D775C1 /* iphoneTests */,
			);
		};
/* End PBXProject section */

/* Begin PBXResourcesBuildPhase section */
		8BA449B61880710800D775C1 /* Resources */ = {
			isa = PBXResourcesBuildPhase;
			buildActionMask = 2147483647;
			files = (
				8BA449C81880710800D775C1 /* InfoPlist.strings in Resources */,
				8BEF90E318818B3000676D3D /* Localizable.strings in Resources */,
				8BA449D31880710800D775C1 /* Images.xcassets in Resources */,
				8B6AB7BC1886E65300F51C62 /* Main.storyboard in Resources */,
			);
			runOnlyForDeploymentPostprocessing = 0;
		};
		8BA449D61880710800D775C1 /* Resources */ = {
			isa = PBXResourcesBuildPhase;
			buildActionMask = 2147483647;
			files = (
			);
			runOnlyForDeploymentPostprocessing = 0;
		};
/* End PBXResourcesBuildPhase section */

/* Begin PBXShellScriptBuildPhase section */
		B2D80566D8A7407FBAE0FC8B /* Check Pods Manifest.lock */ = {
			isa = PBXShellScriptBuildPhase;
			buildActionMask = 2147483647;
			files = (
			);
			inputPaths = (
			);
			name = "Check Pods Manifest.lock";
			outputPaths = (
			);
			runOnlyForDeploymentPostprocessing = 0;
			shellPath = /bin/sh;
			shellScript = "diff \"${PODS_ROOT}/../Podfile.lock\" \"${PODS_ROOT}/Manifest.lock\" > /dev/null\nif [[ $? != 0 ]] ; then\n    cat << EOM\nerror: The sandbox is not in sync with the Podfile.lock. Run 'pod install' or update your CocoaPods installation.\nEOM\n    exit 1\nfi\n";
			showEnvVarsInLog = 0;
		};
		CE9E7C2DF0F141F9B4BB30BA /* Copy Pods Resources */ = {
			isa = PBXShellScriptBuildPhase;
			buildActionMask = 2147483647;
			files = (
			);
			inputPaths = (
			);
			name = "Copy Pods Resources";
			outputPaths = (
			);
			runOnlyForDeploymentPostprocessing = 0;
			shellPath = /bin/sh;
			shellScript = "\"${SRCROOT}/Pods/Pods-iphone-resources.sh\"\n";
			showEnvVarsInLog = 0;
		};
/* End PBXShellScriptBuildPhase section */

/* Begin PBXSourcesBuildPhase section */
		8BA449B41880710800D775C1 /* Sources */ = {
			isa = PBXSourcesBuildPhase;
			buildActionMask = 2147483647;
			files = (
				8BEF90F718822D1500676D3D /* LINGProfileViewController.m in Sources */,
				8BEF90FF188231FF00676D3D /* LINGAPIClient.m in Sources */,
				8BB796AE188102CD00BE0764 /* LINGLoginViewController.m in Sources */,
				8BA449CE1880710800D775C1 /* LINGAppDelegate.m in Sources */,
				8BEF911718827DB300676D3D /* LINGRespondeModel.m in Sources */,
				8B7F26FE18884A28009FA88C /* LINGDiscoverCell.m in Sources */,
				8BEF90FB18822D2C00676D3D /* LINGMoreViewController.m in Sources */,
				8BA449CA1880710800D775C1 /* main.m in Sources */,
				8BB796B11881144400BE0764 /* LINGRegisterViewController.m in Sources */,
				8BEF90EF18822CCA00676D3D /* LINGMessageViewController.m in Sources */,
				8BEF91101882751000676D3D /* LINGLoginManager.m in Sources */,
				8BA449D11880710800D775C1 /* iphone.xcdatamodeld in Sources */,
				8BB796A81880F04300BE0764 /* LINGBaseViewController.m in Sources */,
				8BEF90EB18822C7F00676D3D /* LINGDiscoverViewController.m in Sources */,
				8BEF90F318822CF600676D3D /* LINGNearbyViewController.m in Sources */,
			);
			runOnlyForDeploymentPostprocessing = 0;
		};
		8BA449D41880710800D775C1 /* Sources */ = {
			isa = PBXSourcesBuildPhase;
			buildActionMask = 2147483647;
			files = (
			);
			runOnlyForDeploymentPostprocessing = 0;
		};
/* End PBXSourcesBuildPhase section */

/* Begin PBXTargetDependency section */
		8BA449DF1880710800D775C1 /* PBXTargetDependency */ = {
			isa = PBXTargetDependency;
			target = 8BA449B71880710800D775C1 /* iphone */;
			targetProxy = 8BA449DE1880710800D775C1 /* PBXContainerItemProxy */;
		};
/* End PBXTargetDependency section */

/* Begin PBXVariantGroup section */
		8BA449C61880710800D775C1 /* InfoPlist.strings */ = {
			isa = PBXVariantGroup;
			children = (
				8BA449C71880710800D775C1 /* en */,
				8BEF90E518818B6D00676D3D /* zh-Hans */,
				8BEF90E718818B7200676D3D /* zh-Hant */,
			);
			name = InfoPlist.strings;
			sourceTree = "<group>";
		};
		8BEF90E118818B3000676D3D /* Localizable.strings */ = {
			isa = PBXVariantGroup;
			children = (
				8BEF90E218818B3000676D3D /* en */,
				8BEF90E418818B6D00676D3D /* zh-Hans */,
				8BEF90E618818B7200676D3D /* zh-Hant */,
			);
			name = Localizable.strings;
			sourceTree = "<group>";
		};
/* End PBXVariantGroup section */

/* Begin XCBuildConfiguration section */
		8BA449E81880710800D775C1 /* Debug */ = {
			isa = XCBuildConfiguration;
			buildSettings = {
				ALWAYS_SEARCH_USER_PATHS = NO;
				ARCHS = "$(ARCHS_STANDARD_INCLUDING_64_BIT)";
				CLANG_CXX_LANGUAGE_STANDARD = "gnu++0x";
				CLANG_CXX_LIBRARY = "libc++";
				CLANG_ENABLE_MODULES = YES;
				CLANG_ENABLE_OBJC_ARC = YES;
				CLANG_WARN_BOOL_CONVERSION = YES;
				CLANG_WARN_CONSTANT_CONVERSION = YES;
				CLANG_WARN_DIRECT_OBJC_ISA_USAGE = YES_ERROR;
				CLANG_WARN_EMPTY_BODY = YES;
				CLANG_WARN_ENUM_CONVERSION = YES;
				CLANG_WARN_INT_CONVERSION = YES;
				CLANG_WARN_OBJC_ROOT_CLASS = YES_ERROR;
				CLANG_WARN__DUPLICATE_METHOD_MATCH = YES;
				"CODE_SIGN_IDENTITY[sdk=iphoneos*]" = "iPhone Developer";
				COPY_PHASE_STRIP = NO;
				GCC_C_LANGUAGE_STANDARD = gnu99;
				GCC_DYNAMIC_NO_PIC = NO;
				GCC_OPTIMIZATION_LEVEL = 0;
				GCC_PREPROCESSOR_DEFINITIONS = (
					"DEBUG=1",
					"$(inherited)",
				);
				GCC_SYMBOLS_PRIVATE_EXTERN = NO;
				GCC_WARN_64_TO_32_BIT_CONVERSION = YES;
				GCC_WARN_ABOUT_RETURN_TYPE = YES_ERROR;
				GCC_WARN_UNDECLARED_SELECTOR = YES;
				GCC_WARN_UNINITIALIZED_AUTOS = YES;
				GCC_WARN_UNUSED_FUNCTION = YES;
				GCC_WARN_UNUSED_VARIABLE = YES;
				IPHONEOS_DEPLOYMENT_TARGET = 7.0;
				ONLY_ACTIVE_ARCH = YES;
				SDKROOT = iphoneos;
			};
			name = Debug;
		};
		8BA449E91880710800D775C1 /* Release */ = {
			isa = XCBuildConfiguration;
			buildSettings = {
				ALWAYS_SEARCH_USER_PATHS = NO;
				ARCHS = "$(ARCHS_STANDARD_INCLUDING_64_BIT)";
				CLANG_CXX_LANGUAGE_STANDARD = "gnu++0x";
				CLANG_CXX_LIBRARY = "libc++";
				CLANG_ENABLE_MODULES = YES;
				CLANG_ENABLE_OBJC_ARC = YES;
				CLANG_WARN_BOOL_CONVERSION = YES;
				CLANG_WARN_CONSTANT_CONVERSION = YES;
				CLANG_WARN_DIRECT_OBJC_ISA_USAGE = YES_ERROR;
				CLANG_WARN_EMPTY_BODY = YES;
				CLANG_WARN_ENUM_CONVERSION = YES;
				CLANG_WARN_INT_CONVERSION = YES;
				CLANG_WARN_OBJC_ROOT_CLASS = YES_ERROR;
				CLANG_WARN__DUPLICATE_METHOD_MATCH = YES;
				"CODE_SIGN_IDENTITY[sdk=iphoneos*]" = "iPhone Developer";
				COPY_PHASE_STRIP = YES;
				ENABLE_NS_ASSERTIONS = NO;
				GCC_C_LANGUAGE_STANDARD = gnu99;
				GCC_WARN_64_TO_32_BIT_CONVERSION = YES;
				GCC_WARN_ABOUT_RETURN_TYPE = YES_ERROR;
				GCC_WARN_UNDECLARED_SELECTOR = YES;
				GCC_WARN_UNINITIALIZED_AUTOS = YES;
				GCC_WARN_UNUSED_FUNCTION = YES;
				GCC_WARN_UNUSED_VARIABLE = YES;
				IPHONEOS_DEPLOYMENT_TARGET = 7.0;
				SDKROOT = iphoneos;
				VALIDATE_PRODUCT = YES;
			};
			name = Release;
		};
		8BA449EB1880710800D775C1 /* Debug */ = {
			isa = XCBuildConfiguration;
			baseConfigurationReference = E8AC5487437E43BDA7E8B574 /* Pods-iphone.xcconfig */;
			buildSettings = {
				ASSETCATALOG_COMPILER_APPICON_NAME = AppIcon;
				ASSETCATALOG_COMPILER_LAUNCHIMAGE_NAME = LaunchImage;
				GCC_PRECOMPILE_PREFIX_HEADER = YES;
				GCC_PREFIX_HEADER = "iphone/iphone-Prefix.pch";
				INFOPLIST_FILE = "iphone/iphone-Info.plist";
				PRODUCT_NAME = "$(TARGET_NAME)";
				WRAPPER_EXTENSION = app;
			};
			name = Debug;
		};
		8BA449EC1880710800D775C1 /* Release */ = {
			isa = XCBuildConfiguration;
			baseConfigurationReference = E8AC5487437E43BDA7E8B574 /* Pods-iphone.xcconfig */;
			buildSettings = {
				ASSETCATALOG_COMPILER_APPICON_NAME = AppIcon;
				ASSETCATALOG_COMPILER_LAUNCHIMAGE_NAME = LaunchImage;
				GCC_PRECOMPILE_PREFIX_HEADER = YES;
				GCC_PREFIX_HEADER = "iphone/iphone-Prefix.pch";
				INFOPLIST_FILE = "iphone/iphone-Info.plist";
				PRODUCT_NAME = "$(TARGET_NAME)";
				WRAPPER_EXTENSION = app;
			};
			name = Release;
		};
		8BA449EE1880710800D775C1 /* Debug */ = {
			isa = XCBuildConfiguration;
			buildSettings = {
				ARCHS = "$(ARCHS_STANDARD_INCLUDING_64_BIT)";
				BUNDLE_LOADER = "$(BUILT_PRODUCTS_DIR)/iphone.app/iphone";
				FRAMEWORK_SEARCH_PATHS = (
					"$(SDKROOT)/Developer/Library/Frameworks",
					"$(inherited)",
					"$(DEVELOPER_FRAMEWORKS_DIR)",
				);
				GCC_PRECOMPILE_PREFIX_HEADER = YES;
				GCC_PREFIX_HEADER = "iphone/iphone-Prefix.pch";
				GCC_PREPROCESSOR_DEFINITIONS = (
					"DEBUG=1",
					"$(inherited)",
				);
				INFOPLIST_FILE = "iphoneTests/iphoneTests-Info.plist";
				PRODUCT_NAME = "$(TARGET_NAME)";
				TEST_HOST = "$(BUNDLE_LOADER)";
				WRAPPER_EXTENSION = xctest;
			};
			name = Debug;
		};
		8BA449EF1880710800D775C1 /* Release */ = {
			isa = XCBuildConfiguration;
			buildSettings = {
				ARCHS = "$(ARCHS_STANDARD_INCLUDING_64_BIT)";
				BUNDLE_LOADER = "$(BUILT_PRODUCTS_DIR)/iphone.app/iphone";
				FRAMEWORK_SEARCH_PATHS = (
					"$(SDKROOT)/Developer/Library/Frameworks",
					"$(inherited)",
					"$(DEVELOPER_FRAMEWORKS_DIR)",
				);
				GCC_PRECOMPILE_PREFIX_HEADER = YES;
				GCC_PREFIX_HEADER = "iphone/iphone-Prefix.pch";
				INFOPLIST_FILE = "iphoneTests/iphoneTests-Info.plist";
				PRODUCT_NAME = "$(TARGET_NAME)";
				TEST_HOST = "$(BUNDLE_LOADER)";
				WRAPPER_EXTENSION = xctest;
			};
			name = Release;
		};
/* End XCBuildConfiguration section */

/* Begin XCConfigurationList section */
		8BA449B31880710800D775C1 /* Build configuration list for PBXProject "iphone" */ = {
			isa = XCConfigurationList;
			buildConfigurations = (
				8BA449E81880710800D775C1 /* Debug */,
				8BA449E91880710800D775C1 /* Release */,
			);
			defaultConfigurationIsVisible = 0;
			defaultConfigurationName = Release;
		};
		8BA449EA1880710800D775C1 /* Build configuration list for PBXNativeTarget "iphone" */ = {
			isa = XCConfigurationList;
			buildConfigurations = (
				8BA449EB1880710800D775C1 /* Debug */,
				8BA449EC1880710800D775C1 /* Release */,
			);
			defaultConfigurationIsVisible = 0;
			defaultConfigurationName = Release;
		};
		8BA449ED1880710800D775C1 /* Build configuration list for PBXNativeTarget "iphoneTests" */ = {
			isa = XCConfigurationList;
			buildConfigurations = (
				8BA449EE1880710800D775C1 /* Debug */,
				8BA449EF1880710800D775C1 /* Release */,
			);
			defaultConfigurationIsVisible = 0;
			defaultConfigurationName = Release;
		};
/* End XCConfigurationList section */

/* Begin XCVersionGroup section */
		8BA449CF1880710800D775C1 /* iphone.xcdatamodeld */ = {
			isa = XCVersionGroup;
			children = (
				8BA449D01880710800D775C1 /* iphone.xcdatamodel */,
			);
			currentVersion = 8BA449D01880710800D775C1 /* iphone.xcdatamodel */;
			path = iphone.xcdatamodeld;
			sourceTree = "<group>";
			versionGroupType = wrapper.xcdatamodel;
		};
/* End XCVersionGroup section */
	};
	rootObject = 8BA449B01880710800D775C1 /* Project object */;
}
